// !$*UTF8*$!
{
	archiveVersion = 1;
	classes = {
	};
	objectVersion = 56;
	objects = {

/* Begin PBXBuildFile section */
		5BA5DF192B83A46D004D19ED /* RicettarioApp.swift in Sources */ = {isa = PBXBuildFile; fileRef = 5BA5DF182B83A46D004D19ED /* RicettarioApp.swift */; };
		5BA5DF1B2B83A46D004D19ED /* ContentView.swift in Sources */ = {isa = PBXBuildFile; fileRef = 5BA5DF1A2B83A46D004D19ED /* ContentView.swift */; };
		5BA5DF1D2B83A46F004D19ED /* Assets.xcassets in Resources */ = {isa = PBXBuildFile; fileRef = 5BA5DF1C2B83A46F004D19ED /* Assets.xcassets */; };
		5BA5DF212B83A46F004D19ED /* Preview Assets.xcassets in Resources */ = {isa = PBXBuildFile; fileRef = 5BA5DF202B83A46F004D19ED /* Preview Assets.xcassets */; };
		5BA5DF282B83A532004D19ED /* PancakeView.swift in Sources */ = {isa = PBXBuildFile; fileRef = 5BA5DF272B83A532004D19ED /* PancakeView.swift */; };
		5BA5DF2A2B83A5A4004D19ED /* MuffinView.swift in Sources */ = {isa = PBXBuildFile; fileRef = 5BA5DF292B83A5A4004D19ED /* MuffinView.swift */; };
		5BA5DF2C2B83A73E004D19ED /* PorridgeView.swift in Sources */ = {isa = PBXBuildFile; fileRef = 5BA5DF2B2B83A73E004D19ED /* PorridgeView.swift */; };
		5BA5DF2E2B83B261004D19ED /* DorayakiView.swift in Sources */ = {isa = PBXBuildFile; fileRef = 5BA5DF2D2B83B261004D19ED /* DorayakiView.swift */; };
/* End PBXBuildFile section */

/* Begin PBXFileReference section */
		5BA5DF152B83A46D004D19ED /* Ricettario.app */ = {isa = PBXFileReference; explicitFileType = wrapper.application; includeInIndex = 0; path = Ricettario.app; sourceTree = BUILT_PRODUCTS_DIR; };
		5BA5DF182B83A46D004D19ED /* RicettarioApp.swift */ = {isa = PBXFileReference; lastKnownFileType = sourcecode.swift; path = RicettarioApp.swift; sourceTree = "<group>"; };
		5BA5DF1A2B83A46D004D19ED /* ContentView.swift */ = {isa = PBXFileReference; lastKnownFileType = sourcecode.swift; path = ContentView.swift; sourceTree = "<group>"; };
		5BA5DF1C2B83A46F004D19ED /* Assets.xcassets */ = {isa = PBXFileReference; lastKnownFileType = folder.assetcatalog; path = Assets.xcassets; sourceTree = "<group>"; };
		5BA5DF1E2B83A46F004D19ED /* Ricettario.entitlements */ = {isa = PBXFileReference; lastKnownFileType = text.plist.entitlements; path = Ricettario.entitlements; sourceTree = "<group>"; };
		5BA5DF202B83A46F004D19ED /* Preview Assets.xcassets */ = {isa = PBXFileReference; lastKnownFileType = folder.assetcatalog; path = "Preview Assets.xcassets"; sourceTree = "<group>"; };
		5BA5DF272B83A532004D19ED /* PancakeView.swift */ = {isa = PBXFileReference; lastKnownFileType = sourcecode.swift; path = PancakeView.swift; sourceTree = "<group>"; };
		5BA5DF292B83A5A4004D19ED /* MuffinView.swift */ = {isa = PBXFileReference; lastKnownFileType = sourcecode.swift; path = MuffinView.swift; sourceTree = "<group>"; };
		5BA5DF2B2B83A73E004D19ED /* PorridgeView.swift */ = {isa = PBXFileReference; lastKnownFileType = sourcecode.swift; path = PorridgeView.swift; sourceTree = "<group>"; };
		5BA5DF2D2B83B261004D19ED /* DorayakiView.swift */ = {isa = PBXFileReference; lastKnownFileType = sourcecode.swift; path = DorayakiView.swift; sourceTree = "<group>"; };
/* End PBXFileReference section */

/* Begin PBXFrameworksBuildPhase section */
		5BA5DF122B83A46D004D19ED /* Frameworks */ = {
			isa = PBXFrameworksBuildPhase;
			buildActionMask = 2147483647;
			files = (
			);
			runOnlyForDeploymentPostprocessing = 0;
		};
/* End PBXFrameworksBuildPhase section */

/* Begin PBXGroup section */
		5BA5DF0C2B83A46D004D19ED = {
			isa = PBXGroup;
			children = (
				5BA5DF172B83A46D004D19ED /* Ricettario */,
				5BA5DF162B83A46D004D19ED /* Products */,
			);
			sourceTree = "<group>";
		};
		5BA5DF162B83A46D004D19ED /* Products */ = {
			isa = PBXGroup;
			children = (
				5BA5DF152B83A46D004D19ED /* Ricettario.app */,
			);
			name = Products;
			sourceTree = "<group>";
		};
		5BA5DF172B83A46D004D19ED /* Ricettario */ = {
			isa = PBXGroup;
			children = (
				5BA5DF182B83A46D004D19ED /* RicettarioApp.swift */,
				5BA5DF1A2B83A46D004D19ED /* ContentView.swift */,
				5BA5DF2D2B83B261004D19ED /* DorayakiView.swift */,
				5BA5DF2B2B83A73E004D19ED /* PorridgeView.swift */,
				5BA5DF292B83A5A4004D19ED /* MuffinView.swift */,
				5BA5DF272B83A532004D19ED /* PancakeView.swift */,
				5BA5DF1C2B83A46F004D19ED /* Assets.xcassets */,
				5BA5DF1E2B83A46F004D19ED /* Ricettario.entitlements */,
				5BA5DF1F2B83A46F004D19ED /* Preview Content */,
			);
			path = Ricettario;
			sourceTree = "<group>";
		};
		5BA5DF1F2B83A46F004D19ED /* Preview Content */ = {
			isa = PBXGroup;
			children = (
				5BA5DF202B83A46F004D19ED /* Preview Assets.xcassets */,
			);
			path = "Preview Content";
			sourceTree = "<group>";
		};
/* End PBXGroup section */

/* Begin PBXNativeTarget section */
		5BA5DF142B83A46D004D19ED /* Ricettario */ = {
			isa = PBXNativeTarget;
			buildConfigurationList = 5BA5DF242B83A46F004D19ED /* Build configuration list for PBXNativeTarget "Ricettario" */;
			buildPhases = (
				5BA5DF112B83A46D004D19ED /* Sources */,
				5BA5DF122B83A46D004D19ED /* Frameworks */,
				5BA5DF132B83A46D004D19ED /* Resources */,
			);
			buildRules = (
			);
			dependencies = (
			);
			name = Ricettario;
			productName = Ricettario;
			productReference = 5BA5DF152B83A46D004D19ED /* Ricettario.app */;
			productType = "com.apple.product-type.application";
		};
/* End PBXNativeTarget section */

/* Begin PBXProject section */
		5BA5DF0D2B83A46D004D19ED /* Project object */ = {
			isa = PBXProject;
			attributes = {
				BuildIndependentTargetsInParallel = 1;
				LastSwiftUpdateCheck = 1520;
				LastUpgradeCheck = 1520;
				TargetAttributes = {
					5BA5DF142B83A46D004D19ED = {
						CreatedOnToolsVersion = 15.2;
					};
				};
			};
			buildConfigurationList = 5BA5DF102B83A46D004D19ED /* Build configuration list for PBXProject "Ricettario" */;
			compatibilityVersion = "Xcode 14.0";
			developmentRegion = en;
			hasScannedForEncodings = 0;
			knownRegions = (
				en,
				Base,
			);
			mainGroup = 5BA5DF0C2B83A46D004D19ED;
			productRefGroup = 5BA5DF162B83A46D004D19ED /* Products */;
			projectDirPath = "";
			projectRoot = "";
			targets = (
				5BA5DF142B83A46D004D19ED /* Ricettario */,
			);
		};
/* End PBXProject section */

/* Begin PBXResourcesBuildPhase section */
		5BA5DF132B83A46D004D19ED /* Resources */ = {
			isa = PBXResourcesBuildPhase;
			buildActionMask = 2147483647;
			files = (
				5BA5DF212B83A46F004D19ED /* Preview Assets.xcassets in Resources */,
				5BA5DF1D2B83A46F004D19ED /* Assets.xcassets in Resources */,
			);
			runOnlyForDeploymentPostprocessing = 0;
		};
/* End PBXResourcesBuildPhase section */

/* Begin PBXSourcesBuildPhase section */
		5BA5DF112B83A46D004D19ED /* Sources */ = {
			isa = PBXSourcesBuildPhase;
			buildActionMask = 2147483647;
			files = (
				5BA5DF2E2B83B261004D19ED /* DorayakiView.swift in Sources */,
				5BA5DF2A2B83A5A4004D19ED /* MuffinView.swift in Sources */,
				5BA5DF1B2B83A46D004D19ED /* ContentView.swift in Sources */,
				5BA5DF2C2B83A73E004D19ED /* PorridgeView.swift in Sources */,
				5BA5DF282B83A532004D19ED /* PancakeView.swift in Sources */,
				5BA5DF192B83A46D004D19ED /* RicettarioApp.swift in Sources */,
			);
			runOnlyForDeploymentPostprocessing = 0;
		};
/* End PBXSourcesBuildPhase section */

/* Begin XCBuildConfiguration section */
		5BA5DF222B83A46F004D19ED /* Debug */ = {
			isa = XCBuildConfiguration;
			buildSettings = {
				ALWAYS_SEARCH_USER_PATHS = NO;
				ASSETCATALOG_COMPILER_GENERATE_SWIFT_ASSET_SYMBOL_EXTENSIONS = YES;
				CLANG_ANALYZER_NONNULL = YES;
				CLANG_ANALYZER_NUMBER_OBJECT_CONVERSION = YES_AGGRESSIVE;
				CLANG_CXX_LANGUAGE_STANDARD = "gnu++20";
				CLANG_ENABLE_MODULES = YES;
				CLANG_ENABLE_OBJC_ARC = YES;
				CLANG_ENABLE_OBJC_WEAK = YES;
				CLANG_WARN_BLOCK_CAPTURE_AUTORELEASING = YES;
				CLANG_WARN_BOOL_CONVERSION = YES;
				CLANG_WARN_COMMA = YES;
				CLANG_WARN_CONSTANT_CONVERSION = YES;
				CLANG_WARN_DEPRECATED_OBJC_IMPLEMENTATIONS = YES;
				CLANG_WARN_DIRECT_OBJC_ISA_USAGE = YES_ERROR;
				CLANG_WARN_DOCUMENTATION_COMMENTS = YES;
				CLANG_WARN_EMPTY_BODY = YES;
				CLANG_WARN_ENUM_CONVERSION = YES;
				CLANG_WARN_INFINITE_RECURSION = YES;
				CLANG_WARN_INT_CONVERSION = YES;
				CLANG_WARN_NON_LITERAL_NULL_CONVERSION = YES;
				CLANG_WARN_OBJC_IMPLICIT_RETAIN_SELF = YES;
				CLANG_WARN_OBJC_LITERAL_CONVERSION = YES;
				CLANG_WARN_OBJC_ROOT_CLASS = YES_ERROR;
				CLANG_WARN_QUOTED_INCLUDE_IN_FRAMEWORK_HEADER = YES;
				CLANG_WARN_RANGE_LOOP_ANALYSIS = YES;
				CLANG_WARN_STRICT_PROTOTYPES = YES;
				CLANG_WARN_SUSPICIOUS_MOVE = YES;
				CLANG_WARN_UNGUARDED_AVAILABILITY = YES_AGGRESSIVE;
				CLANG_WARN_UNREACHABLE_CODE = YES;
				CLANG_WARN__DUPLICATE_METHOD_MATCH = YES;
				COPY_PHASE_STRIP = NO;
				DEBUG_INFORMATION_FORMAT = dwarf;
				ENABLE_STRICT_OBJC_MSGSEND = YES;
				ENABLE_TESTABILITY = YES;
				ENABLE_USER_SCRIPT_SANDBOXING = YES;
				GCC_C_LANGUAGE_STANDARD = gnu17;
				GCC_DYNAMIC_NO_PIC = NO;
				GCC_NO_COMMON_BLOCKS = YES;
				GCC_OPTIMIZATION_LEVEL = 0;
				GCC_PREPROCESSOR_DEFINITIONS = (
					"DEBUG=1",
					"$(inherited)",
				);
				GCC_WARN_64_TO_32_BIT_CONVERSION = YES;
				GCC_WARN_ABOUT_RETURN_TYPE = YES_ERROR;
				GCC_WARN_UNDECLARED_SELECTOR = YES;
				GCC_WARN_UNINITIALIZED_AUTOS = YES_AGGRESSIVE;
				GCC_WARN_UNUSED_FUNCTION = YES;
				GCC_WARN_UNUSED_VARIABLE = YES;
				LOCALIZATION_PREFERS_STRING_CATALOGS = YES;
				MTL_ENABLE_DEBUG_INFO = INCLUDE_SOURCE;
				MTL_FAST_MATH = YES;
				ONLY_ACTIVE_ARCH = YES;
				SWIFT_ACTIVE_COMPILATION_CONDITIONS = "DEBUG $(inherited)";
				SWIFT_OPTIMIZATION_LEVEL = "-Onone";
			};
			name = Debug;
		};
		5BA5DF232B83A46F004D19ED /* Release */ = {
			isa = XCBuildConfiguration;
			buildSettings = {
				ALWAYS_SEARCH_USER_PATHS = NO;
				ASSETCATALOG_COMPILER_GENERATE_SWIFT_ASSET_SYMBOL_EXTENSIONS = YES;
				CLANG_ANALYZER_NONNULL = YES;
				CLANG_ANALYZER_NUMBER_OBJECT_CONVERSION = YES_AGGRESSIVE;
				CLANG_CXX_LANGUAGE_STANDARD = "gnu++20";
				CLANG_ENABLE_MODULES = YES;
				CLANG_ENABLE_OBJC_ARC = YES;
				CLANG_ENABLE_OBJC_WEAK = YES;
				CLANG_WARN_BLOCK_CAPTURE_AUTORELEASING = YES;
				CLANG_WARN_BOOL_CONVERSION = YES;
				CLANG_WARN_COMMA = YES;
				CLANG_WARN_CONSTANT_CONVERSION = YES;
				CLANG_WARN_DEPRECATED_OBJC_IMPLEMENTATIONS = YES;
				CLANG_WARN_DIRECT_OBJC_ISA_USAGE = YES_ERROR;
				CLANG_WARN_DOCUMENTATION_COMMENTS = YES;
				CLANG_WARN_EMPTY_BODY = YES;
				CLANG_WARN_ENUM_CONVERSION = YES;
				CLANG_WARN_INFINITE_RECURSION = YES;
				CLANG_WARN_INT_CONVERSION = YES;
				CLANG_WARN_NON_LITERAL_NULL_CONVERSION = YES;
				CLANG_WARN_OBJC_IMPLICIT_RETAIN_SELF = YES;
				CLANG_WARN_OBJC_LITERAL_CONVERSION = YES;
				CLANG_WARN_OBJC_ROOT_CLASS = YES_ERROR;
				CLANG_WARN_QUOTED_INCLUDE_IN_FRAMEWORK_HEADER = YES;
				CLANG_WARN_RANGE_LOOP_ANALYSIS = YES;
				CLANG_WARN_STRICT_PROTOTYPES = YES;
				CLANG_WARN_SUSPICIOUS_MOVE = YES;
				CLANG_WARN_UNGUARDED_AVAILABILITY = YES_AGGRESSIVE;
				CLANG_WARN_UNREACHABLE_CODE = YES;
				CLANG_WARN__DUPLICATE_METHOD_MATCH = YES;
				COPY_PHASE_STRIP = NO;
				DEBUG_INFORMATION_FORMAT = "dwarf-with-dsym";
				ENABLE_NS_ASSERTIONS = NO;
				ENABLE_STRICT_OBJC_MSGSEND = YES;
				ENABLE_USER_SCRIPT_SANDBOXING = YES;
				GCC_C_LANGUAGE_STANDARD = gnu17;
				GCC_NO_COMMON_BLOCKS = YES;
				GCC_WARN_64_TO_32_BIT_CONVERSION = YES;
				GCC_WARN_ABOUT_RETURN_TYPE = YES_ERROR;
				GCC_WARN_UNDECLARED_SELECTOR = YES;
				GCC_WARN_UNINITIALIZED_AUTOS = YES_AGGRESSIVE;
				GCC_WARN_UNUSED_FUNCTION = YES;
				GCC_WARN_UNUSED_VARIABLE = YES;
				LOCALIZATION_PREFERS_STRING_CATALOGS = YES;
				MTL_ENABLE_DEBUG_INFO = NO;
				MTL_FAST_MATH = YES;
				SWIFT_COMPILATION_MODE = wholemodule;
			};
			name = Release;
		};
		5BA5DF252B83A46F004D19ED /* Debug */ = {
			isa = XCBuildConfiguration;
			buildSettings = {
				ASSETCATALOG_COMPILER_APPICON_NAME = AppIcon;
				ASSETCATALOG_COMPILER_GLOBAL_ACCENT_COLOR_NAME = AccentColor;
				CODE_SIGN_ENTITLEMENTS = Ricettario/Ricettario.entitlements;
				CODE_SIGN_STYLE = Automatic;
				CURRENT_PROJECT_VERSION = 1;
				DEVELOPMENT_ASSET_PATHS = "\"Ricettario/Preview Content\"";
				DEVELOPMENT_TEAM = 4VWKAS8JJ8;
				ENABLE_HARDENED_RUNTIME = YES;
				ENABLE_PREVIEWS = YES;
				GENERATE_INFOPLIST_FILE = YES;
				"INFOPLIST_KEY_UIApplicationSceneManifest_Generation[sdk=iphoneos*]" = YES;
				"INFOPLIST_KEY_UIApplicationSceneManifest_Generation[sdk=iphonesimulator*]" = YES;
				"INFOPLIST_KEY_UIApplicationSupportsIndirectInputEvents[sdk=iphoneos*]" = YES;
				"INFOPLIST_KEY_UIApplicationSupportsIndirectInputEvents[sdk=iphonesimulator*]" = YES;
				"INFOPLIST_KEY_UILaunchScreen_Generation[sdk=iphoneos*]" = YES;
				"INFOPLIST_KEY_UILaunchScreen_Generation[sdk=iphonesimulator*]" = YES;
				"INFOPLIST_KEY_UIStatusBarStyle[sdk=iphoneos*]" = UIStatusBarStyleDefault;
				"INFOPLIST_KEY_UIStatusBarStyle[sdk=iphonesimulator*]" = UIStatusBarStyleDefault;
				INFOPLIST_KEY_UISupportedInterfaceOrientations_iPad = "UIInterfaceOrientationPortrait UIInterfaceOrientationPortraitUpsideDown UIInterfaceOrientationLandscapeLeft UIInterfaceOrientationLandscapeRight";
				INFOPLIST_KEY_UISupportedInterfaceOrientations_iPhone = "UIInterfaceOrientationPortrait UIInterfaceOrientationLandscapeLeft UIInterfaceOrientationLandscapeRight";
				IPHONEOS_DEPLOYMENT_TARGET = 17.2;
				LD_RUNPATH_SEARCH_PATHS = "@executable_path/Frameworks";
				"LD_RUNPATH_SEARCH_PATHS[sdk=macosx*]" = "@executable_path/../Frameworks";
				MACOSX_DEPLOYMENT_TARGET = 14.2;
				MARKETING_VERSION = 1.0;
				PRODUCT_BUNDLE_IDENTIFIER = uniparthenope.Ricettario;
				PRODUCT_NAME = "$(TARGET_NAME)";
				SDKROOT = auto;
				SUPPORTED_PLATFORMS = "iphoneos iphonesimulator macosx";
				SWIFT_EMIT_LOC_STRINGS = YES;
				SWIFT_VERSION = 5.0;
				TARGETED_DEVICE_FAMILY = "1,2";
			};
			name = Debug;
		};
		5BA5DF262B83A46F004D19ED /* Release */ = {
			isa = XCBuildConfiguration;
			buildSettings = {
				ASSETCATALOG_COMPILER_APPICON_NAME = AppIcon;
				ASSETCATALOG_COMPILER_GLOBAL_ACCENT_COLOR_NAME = AccentColor;
				CODE_SIGN_ENTITLEMENTS = Ricettario/Ricettario.entitlements;
				CODE_SIGN_STYLE = Automatic;
				CURRENT_PROJECT_VERSION = 1;
				DEVELOPMENT_ASSET_PATHS = "\"Ricettario/Preview Content\"";
				DEVELOPMENT_TEAM = 4VWKAS8JJ8;
				ENABLE_HARDENED_RUNTIME = YES;
				ENABLE_PREVIEWS = YES;
				GENERATE_INFOPLIST_FILE = YES;
				"INFOPLIST_KEY_UIApplicationSceneManifest_Generation[sdk=iphoneos*]" = YES;
				"INFOPLIST_KEY_UIApplicationSceneManifest_Generation[sdk=iphonesimulator*]" = YES;
				"INFOPLIST_KEY_UIApplicationSupportsIndirectInputEvents[sdk=iphoneos*]" = YES;
				"INFOPLIST_KEY_UIApplicationSupportsIndirectInputEvents[sdk=iphonesimulator*]" = YES;
				"INFOPLIST_KEY_UILaunchScreen_Generation[sdk=iphoneos*]" = YES;
				"INFOPLIST_KEY_UILaunchScreen_Generation[sdk=iphonesimulator*]" = YES;
				"INFOPLIST_KEY_UIStatusBarStyle[sdk=iphoneos*]" = UIStatusBarStyleDefault;
				"INFOPLIST_KEY_UIStatusBarStyle[sdk=iphonesimulator*]" = UIStatusBarStyleDefault;
				INFOPLIST_KEY_UISupportedInterfaceOrientations_iPad = "UIInterfaceOrientationPortrait UIInterfaceOrientationPortraitUpsideDown UIInterfaceOrientationLandscapeLeft UIInterfaceOrientationLandscapeRight";
				INFOPLIST_KEY_UISupportedInterfaceOrientations_iPhone = "UIInterfaceOrientationPortrait UIInterfaceOrientationLandscapeLeft UIInterfaceOrientationLandscapeRight";
				IPHONEOS_DEPLOYMENT_TARGET = 17.2;
				LD_RUNPATH_SEARCH_PATHS = "@executable_path/Frameworks";
				"LD_RUNPATH_SEARCH_PATHS[sdk=macosx*]" = "@executable_path/../Frameworks";
				MACOSX_DEPLOYMENT_TARGET = 14.2;
				MARKETING_VERSION = 1.0;
				PRODUCT_BUNDLE_IDENTIFIER = uniparthenope.Ricettario;
				PRODUCT_NAME = "$(TARGET_NAME)";
				SDKROOT = auto;
				SUPPORTED_PLATFORMS = "iphoneos iphonesimulator macosx";
				SWIFT_EMIT_LOC_STRINGS = YES;
				SWIFT_VERSION = 5.0;
				TARGETED_DEVICE_FAMILY = "1,2";
			};
			name = Release;
		};
/* End XCBuildConfiguration section */

/* Begin XCConfigurationList section */
		5BA5DF102B83A46D004D19ED /* Build configuration list for PBXProject "Ricettario" */ = {
			isa = XCConfigurationList;
			buildConfigurations = (
				5BA5DF222B83A46F004D19ED /* Debug */,
				5BA5DF232B83A46F004D19ED /* Release */,
			);
			defaultConfigurationIsVisible = 0;
			defaultConfigurationName = Release;
		};
		5BA5DF242B83A46F004D19ED /* Build configuration list for PBXNativeTarget "Ricettario" */ = {
			isa = XCConfigurationList;
			buildConfigurations = (
				5BA5DF252B83A46F004D19ED /* Debug */,
				5BA5DF262B83A46F004D19ED /* Release */,
			);
			defaultConfigurationIsVisible = 0;
			defaultConfigurationName = Release;
		};
/* End XCConfigurationList section */
	};
	rootObject = 5BA5DF0D2B83A46D004D19ED /* Project object */;
}
