// !$*UTF8*$!
{
	archiveVersion = 1;
	classes = {
	};
	objectVersion = 56;
	objects = {

/* Begin PBXBuildFile section */
		4B8DCE1B2B8632A500EF09D5 /* RecipeBook.swift in Sources */ = {isa = PBXBuildFile; fileRef = 4B8DCE1A2B8632A500EF09D5 /* RecipeBook.swift */; };
		4BB189ED2BA1DDFE00F5176F /* Homepage.swift in Sources */ = {isa = PBXBuildFile; fileRef = 4BB189EC2BA1DDFE00F5176F /* Homepage.swift */; };
		4BB189EF2BA1DE6300F5176F /* RecipeCategoryView.swift in Sources */ = {isa = PBXBuildFile; fileRef = 4BB189EE2BA1DE6300F5176F /* RecipeCategoryView.swift */; };
		4BB189F12BA1DFE100F5176F /* InstructionsPopover.swift in Sources */ = {isa = PBXBuildFile; fileRef = 4BB189F02BA1DFE100F5176F /* InstructionsPopover.swift */; };
		4BB189F32BA1E05D00F5176F /* RecipeDetailView.swift in Sources */ = {isa = PBXBuildFile; fileRef = 4BB189F22BA1E05D00F5176F /* RecipeDetailView.swift */; };
		4BB189F52BA1E0B800F5176F /* RecipePropertyView.swift in Sources */ = {isa = PBXBuildFile; fileRef = 4BB189F42BA1E0B800F5176F /* RecipePropertyView.swift */; };
		4BB189F72BA1E0FE00F5176F /* RecipeView.swift in Sources */ = {isa = PBXBuildFile; fileRef = 4BB189F62BA1E0FE00F5176F /* RecipeView.swift */; };
		4BB189F92BA1E12B00F5176F /* SavedRecipesView.swift in Sources */ = {isa = PBXBuildFile; fileRef = 4BB189F82BA1E12B00F5176F /* SavedRecipesView.swift */; };
		4BB189FB2BA1E15000F5176F /* CategoryButton.swift in Sources */ = {isa = PBXBuildFile; fileRef = 4BB189FA2BA1E15000F5176F /* CategoryButton.swift */; };
		4BB189FD2BA1E5EB00F5176F /* SavedManager.swift in Sources */ = {isa = PBXBuildFile; fileRef = 4BB189FC2BA1E5EB00F5176F /* SavedManager.swift */; };
		5B15619A2B986FD00064D5C5 /* EndRecipeView.swift in Sources */ = {isa = PBXBuildFile; fileRef = 5B1561992B986FD00064D5C5 /* EndRecipeView.swift */; };
		5B5620B32B8C9EF300521E51 /* RicettarioWApp.swift in Sources */ = {isa = PBXBuildFile; fileRef = 5B5620B22B8C9EF300521E51 /* RicettarioWApp.swift */; };
		5B5620B52B8C9EF300521E51 /* ContentView.swift in Sources */ = {isa = PBXBuildFile; fileRef = 5B5620B42B8C9EF300521E51 /* ContentView.swift */; };
		5B5620B72B8C9EF500521E51 /* Assets.xcassets in Resources */ = {isa = PBXBuildFile; fileRef = 5B5620B62B8C9EF500521E51 /* Assets.xcassets */; };
		5B5620BA2B8C9EF500521E51 /* Preview Assets.xcassets in Resources */ = {isa = PBXBuildFile; fileRef = 5B5620B92B8C9EF500521E51 /* Preview Assets.xcassets */; };
		5B5620BD2B8C9EF500521E51 /* RicettarioW Watch App.app in Embed Watch Content */ = {isa = PBXBuildFile; fileRef = 5B5620B02B8C9EF300521E51 /* RicettarioW Watch App.app */; settings = {ATTRIBUTES = (RemoveHeadersOnCopy, ); }; };
		5B5620C42B8C9F5100521E51 /* ConnectivityProvider.swift in Sources */ = {isa = PBXBuildFile; fileRef = 5B5620C32B8C9F5100521E51 /* ConnectivityProvider.swift */; };
		5B5620C52B8C9F5100521E51 /* ConnectivityProvider.swift in Sources */ = {isa = PBXBuildFile; fileRef = 5B5620C32B8C9F5100521E51 /* ConnectivityProvider.swift */; };
		5B5620C72B8C9F7C00521E51 /* WatchConnector.swift in Sources */ = {isa = PBXBuildFile; fileRef = 5B5620C62B8C9F7C00521E51 /* WatchConnector.swift */; };
		5B5620C82B8C9F7C00521E51 /* WatchConnector.swift in Sources */ = {isa = PBXBuildFile; fileRef = 5B5620C62B8C9F7C00521E51 /* WatchConnector.swift */; };
		5BA5DF192B83A46D004D19ED /* RicettarioApp.swift in Sources */ = {isa = PBXBuildFile; fileRef = 5BA5DF182B83A46D004D19ED /* RicettarioApp.swift */; };
		5BA5DF1B2B83A46D004D19ED /* ContentView.swift in Sources */ = {isa = PBXBuildFile; fileRef = 5BA5DF1A2B83A46D004D19ED /* ContentView.swift */; };
		5BA5DF1D2B83A46F004D19ED /* Assets.xcassets in Resources */ = {isa = PBXBuildFile; fileRef = 5BA5DF1C2B83A46F004D19ED /* Assets.xcassets */; };
		5BA5DF212B83A46F004D19ED /* Preview Assets.xcassets in Resources */ = {isa = PBXBuildFile; fileRef = 5BA5DF202B83A46F004D19ED /* Preview Assets.xcassets */; };
		5BAD78722BA4CA8900A8127F /* NoRecipeView.swift in Sources */ = {isa = PBXBuildFile; fileRef = 5BAD78712BA4CA8900A8127F /* NoRecipeView.swift */; };
		5BD56E982B95BF9E00AA63CA /* StartW.swift in Sources */ = {isa = PBXBuildFile; fileRef = 5BD56E972B95BF9E00AA63CA /* StartW.swift */; };
		5BD56E9C2B95C05300AA63CA /* RecipeBook.swift in Sources */ = {isa = PBXBuildFile; fileRef = 4B8DCE1A2B8632A500EF09D5 /* RecipeBook.swift */; };
/* End PBXBuildFile section */

/* Begin PBXContainerItemProxy section */
		5B5620BB2B8C9EF500521E51 /* PBXContainerItemProxy */ = {
			isa = PBXContainerItemProxy;
			containerPortal = 5BA5DF0D2B83A46D004D19ED /* Project object */;
			proxyType = 1;
			remoteGlobalIDString = 5B5620AF2B8C9EF300521E51;
			remoteInfo = "RicettarioW Watch App";
		};
/* End PBXContainerItemProxy section */

/* Begin PBXCopyFilesBuildPhase section */
		5B5620BE2B8C9EF500521E51 /* Embed Watch Content */ = {
			isa = PBXCopyFilesBuildPhase;
			buildActionMask = 2147483647;
			dstPath = "$(CONTENTS_FOLDER_PATH)/Watch";
			dstSubfolderSpec = 16;
			files = (
				5B5620BD2B8C9EF500521E51 /* RicettarioW Watch App.app in Embed Watch Content */,
			);
			name = "Embed Watch Content";
			runOnlyForDeploymentPostprocessing = 0;
		};
/* End PBXCopyFilesBuildPhase section */

/* Begin PBXFileReference section */
		4B8DCE1A2B8632A500EF09D5 /* RecipeBook.swift */ = {isa = PBXFileReference; lastKnownFileType = sourcecode.swift; path = RecipeBook.swift; sourceTree = "<group>"; };
		4BB189EC2BA1DDFE00F5176F /* Homepage.swift */ = {isa = PBXFileReference; lastKnownFileType = sourcecode.swift; path = Homepage.swift; sourceTree = "<group>"; };
		4BB189EE2BA1DE6300F5176F /* RecipeCategoryView.swift */ = {isa = PBXFileReference; lastKnownFileType = sourcecode.swift; path = RecipeCategoryView.swift; sourceTree = "<group>"; };
		4BB189F02BA1DFE100F5176F /* InstructionsPopover.swift */ = {isa = PBXFileReference; lastKnownFileType = sourcecode.swift; path = InstructionsPopover.swift; sourceTree = "<group>"; };
		4BB189F22BA1E05D00F5176F /* RecipeDetailView.swift */ = {isa = PBXFileReference; lastKnownFileType = sourcecode.swift; path = RecipeDetailView.swift; sourceTree = "<group>"; };
		4BB189F42BA1E0B800F5176F /* RecipePropertyView.swift */ = {isa = PBXFileReference; lastKnownFileType = sourcecode.swift; path = RecipePropertyView.swift; sourceTree = "<group>"; };
		4BB189F62BA1E0FE00F5176F /* RecipeView.swift */ = {isa = PBXFileReference; lastKnownFileType = sourcecode.swift; path = RecipeView.swift; sourceTree = "<group>"; };
		4BB189F82BA1E12B00F5176F /* SavedRecipesView.swift */ = {isa = PBXFileReference; lastKnownFileType = sourcecode.swift; path = SavedRecipesView.swift; sourceTree = "<group>"; };
		4BB189FA2BA1E15000F5176F /* CategoryButton.swift */ = {isa = PBXFileReference; lastKnownFileType = sourcecode.swift; path = CategoryButton.swift; sourceTree = "<group>"; };
		4BB189FC2BA1E5EB00F5176F /* SavedManager.swift */ = {isa = PBXFileReference; lastKnownFileType = sourcecode.swift; path = SavedManager.swift; sourceTree = "<group>"; };
		5B1561992B986FD00064D5C5 /* EndRecipeView.swift */ = {isa = PBXFileReference; fileEncoding = 4; lastKnownFileType = sourcecode.swift; path = EndRecipeView.swift; sourceTree = "<group>"; };
		5B5620B02B8C9EF300521E51 /* RicettarioW Watch App.app */ = {isa = PBXFileReference; explicitFileType = wrapper.application; includeInIndex = 0; path = "RicettarioW Watch App.app"; sourceTree = BUILT_PRODUCTS_DIR; };
		5B5620B22B8C9EF300521E51 /* RicettarioWApp.swift */ = {isa = PBXFileReference; lastKnownFileType = sourcecode.swift; path = RicettarioWApp.swift; sourceTree = "<group>"; };
		5B5620B42B8C9EF300521E51 /* ContentView.swift */ = {isa = PBXFileReference; lastKnownFileType = sourcecode.swift; path = ContentView.swift; sourceTree = "<group>"; };
		5B5620B62B8C9EF500521E51 /* Assets.xcassets */ = {isa = PBXFileReference; lastKnownFileType = folder.assetcatalog; path = Assets.xcassets; sourceTree = "<group>"; };
		5B5620B92B8C9EF500521E51 /* Preview Assets.xcassets */ = {isa = PBXFileReference; lastKnownFileType = folder.assetcatalog; path = "Preview Assets.xcassets"; sourceTree = "<group>"; };
		5B5620C32B8C9F5100521E51 /* ConnectivityProvider.swift */ = {isa = PBXFileReference; lastKnownFileType = sourcecode.swift; path = ConnectivityProvider.swift; sourceTree = "<group>"; };
		5B5620C62B8C9F7C00521E51 /* WatchConnector.swift */ = {isa = PBXFileReference; lastKnownFileType = sourcecode.swift; path = WatchConnector.swift; sourceTree = "<group>"; };
		5BA5DF152B83A46D004D19ED /* Ricettario.app */ = {isa = PBXFileReference; explicitFileType = wrapper.application; includeInIndex = 0; path = Ricettario.app; sourceTree = BUILT_PRODUCTS_DIR; };
		5BA5DF182B83A46D004D19ED /* RicettarioApp.swift */ = {isa = PBXFileReference; lastKnownFileType = sourcecode.swift; path = RicettarioApp.swift; sourceTree = "<group>"; };
		5BA5DF1A2B83A46D004D19ED /* ContentView.swift */ = {isa = PBXFileReference; lastKnownFileType = sourcecode.swift; path = ContentView.swift; sourceTree = "<group>"; };
		5BA5DF1C2B83A46F004D19ED /* Assets.xcassets */ = {isa = PBXFileReference; lastKnownFileType = folder.assetcatalog; path = Assets.xcassets; sourceTree = "<group>"; };
		5BA5DF1E2B83A46F004D19ED /* Ricettario.entitlements */ = {isa = PBXFileReference; lastKnownFileType = text.plist.entitlements; path = Ricettario.entitlements; sourceTree = "<group>"; };
		5BA5DF202B83A46F004D19ED /* Preview Assets.xcassets */ = {isa = PBXFileReference; lastKnownFileType = folder.assetcatalog; path = "Preview Assets.xcassets"; sourceTree = "<group>"; };
		5BAD78712BA4CA8900A8127F /* NoRecipeView.swift */ = {isa = PBXFileReference; lastKnownFileType = sourcecode.swift; path = NoRecipeView.swift; sourceTree = "<group>"; };
		5BD56E972B95BF9E00AA63CA /* StartW.swift */ = {isa = PBXFileReference; lastKnownFileType = sourcecode.swift; path = StartW.swift; sourceTree = "<group>"; };
/* End PBXFileReference section */

/* Begin PBXFrameworksBuildPhase section */
		5B5620AD2B8C9EF300521E51 /* Frameworks */ = {
			isa = PBXFrameworksBuildPhase;
			buildActionMask = 2147483647;
			files = (
			);
			runOnlyForDeploymentPostprocessing = 0;
		};
		5BA5DF122B83A46D004D19ED /* Frameworks */ = {
			isa = PBXFrameworksBuildPhase;
			buildActionMask = 2147483647;
			files = (
			);
			runOnlyForDeploymentPostprocessing = 0;
		};
/* End PBXFrameworksBuildPhase section */

/* Begin PBXGroup section */
		5B5620B12B8C9EF300521E51 /* RicettarioW Watch App */ = {
			isa = PBXGroup;
			children = (
				5B5620B22B8C9EF300521E51 /* RicettarioWApp.swift */,
				5B5620B42B8C9EF300521E51 /* ContentView.swift */,
				5BAD78712BA4CA8900A8127F /* NoRecipeView.swift */,
				5BD56E972B95BF9E00AA63CA /* StartW.swift */,
				5B1561992B986FD00064D5C5 /* EndRecipeView.swift */,
				5B5620B62B8C9EF500521E51 /* Assets.xcassets */,
				5B5620B82B8C9EF500521E51 /* Preview Content */,
			);
			path = "RicettarioW Watch App";
			sourceTree = "<group>";
		};
		5B5620B82B8C9EF500521E51 /* Preview Content */ = {
			isa = PBXGroup;
			children = (
				5B5620B92B8C9EF500521E51 /* Preview Assets.xcassets */,
			);
			path = "Preview Content";
			sourceTree = "<group>";
		};
		5B5620C22B8C9F2200521E51 /* Connection */ = {
			isa = PBXGroup;
			children = (
				5B5620C32B8C9F5100521E51 /* ConnectivityProvider.swift */,
				5B5620C62B8C9F7C00521E51 /* WatchConnector.swift */,
			);
			path = Connection;
			sourceTree = "<group>";
		};
		5BA5DF0C2B83A46D004D19ED = {
			isa = PBXGroup;
			children = (
				5B5620C22B8C9F2200521E51 /* Connection */,
				5BA5DF172B83A46D004D19ED /* Ricettario */,
				5B5620B12B8C9EF300521E51 /* RicettarioW Watch App */,
				5BA5DF162B83A46D004D19ED /* Products */,
			);
			sourceTree = "<group>";
		};
		5BA5DF162B83A46D004D19ED /* Products */ = {
			isa = PBXGroup;
			children = (
				5BA5DF152B83A46D004D19ED /* Ricettario.app */,
				5B5620B02B8C9EF300521E51 /* RicettarioW Watch App.app */,
			);
			name = Products;
			sourceTree = "<group>";
		};
		5BA5DF172B83A46D004D19ED /* Ricettario */ = {
			isa = PBXGroup;
			children = (
				5BA5DF182B83A46D004D19ED /* RicettarioApp.swift */,
				5BA5DF1A2B83A46D004D19ED /* ContentView.swift */,
				5BA5DF1C2B83A46F004D19ED /* Assets.xcassets */,
				5BA5DF1E2B83A46F004D19ED /* Ricettario.entitlements */,
				5BA5DF1F2B83A46F004D19ED /* Preview Content */,
				4B8DCE1A2B8632A500EF09D5 /* RecipeBook.swift */,
				4BB189EC2BA1DDFE00F5176F /* Homepage.swift */,
				4BB189EE2BA1DE6300F5176F /* RecipeCategoryView.swift */,
				4BB189F02BA1DFE100F5176F /* InstructionsPopover.swift */,
				4BB189F22BA1E05D00F5176F /* RecipeDetailView.swift */,
				4BB189F42BA1E0B800F5176F /* RecipePropertyView.swift */,
				4BB189F62BA1E0FE00F5176F /* RecipeView.swift */,
				4BB189F82BA1E12B00F5176F /* SavedRecipesView.swift */,
				4BB189FA2BA1E15000F5176F /* CategoryButton.swift */,
				4BB189FC2BA1E5EB00F5176F /* SavedManager.swift */,
			);
			path = Ricettario;
			sourceTree = "<group>";
		};
		5BA5DF1F2B83A46F004D19ED /* Preview Content */ = {
			isa = PBXGroup;
			children = (
				5BA5DF202B83A46F004D19ED /* Preview Assets.xcassets */,
			);
			path = "Preview Content";
			sourceTree = "<group>";
		};
/* End PBXGroup section */

/* Begin PBXNativeTarget section */
		5B5620AF2B8C9EF300521E51 /* RicettarioW Watch App */ = {
			isa = PBXNativeTarget;
			buildConfigurationList = 5B5620C12B8C9EF500521E51 /* Build configuration list for PBXNativeTarget "RicettarioW Watch App" */;
			buildPhases = (
				5B5620AC2B8C9EF300521E51 /* Sources */,
				5B5620AD2B8C9EF300521E51 /* Frameworks */,
				5B5620AE2B8C9EF300521E51 /* Resources */,
			);
			buildRules = (
			);
			dependencies = (
			);
			name = "RicettarioW Watch App";
			productName = "RicettarioW Watch App";
			productReference = 5B5620B02B8C9EF300521E51 /* RicettarioW Watch App.app */;
			productType = "com.apple.product-type.application";
		};
		5BA5DF142B83A46D004D19ED /* Ricettario */ = {
			isa = PBXNativeTarget;
			buildConfigurationList = 5BA5DF242B83A46F004D19ED /* Build configuration list for PBXNativeTarget "Ricettario" */;
			buildPhases = (
				5BA5DF112B83A46D004D19ED /* Sources */,
				5BA5DF122B83A46D004D19ED /* Frameworks */,
				5BA5DF132B83A46D004D19ED /* Resources */,
				5B5620BE2B8C9EF500521E51 /* Embed Watch Content */,
			);
			buildRules = (
			);
			dependencies = (
				5B5620BC2B8C9EF500521E51 /* PBXTargetDependency */,
			);
			name = Ricettario;
			productName = Ricettario;
			productReference = 5BA5DF152B83A46D004D19ED /* Ricettario.app */;
			productType = "com.apple.product-type.application";
		};
/* End PBXNativeTarget section */

/* Begin PBXProject section */
		5BA5DF0D2B83A46D004D19ED /* Project object */ = {
			isa = PBXProject;
			attributes = {
				BuildIndependentTargetsInParallel = 1;
				LastSwiftUpdateCheck = 1520;
				LastUpgradeCheck = 1520;
				TargetAttributes = {
					5B5620AF2B8C9EF300521E51 = {
						CreatedOnToolsVersion = 15.2;
					};
					5BA5DF142B83A46D004D19ED = {
						CreatedOnToolsVersion = 15.2;
					};
				};
			};
			buildConfigurationList = 5BA5DF102B83A46D004D19ED /* Build configuration list for PBXProject "Ricettario" */;
			compatibilityVersion = "Xcode 14.0";
			developmentRegion = en;
			hasScannedForEncodings = 0;
			knownRegions = (
				en,
				Base,
			);
			mainGroup = 5BA5DF0C2B83A46D004D19ED;
			productRefGroup = 5BA5DF162B83A46D004D19ED /* Products */;
			projectDirPath = "";
			projectRoot = "";
			targets = (
				5BA5DF142B83A46D004D19ED /* Ricettario */,
				5B5620AF2B8C9EF300521E51 /* RicettarioW Watch App */,
			);
		};
/* End PBXProject section */

/* Begin PBXResourcesBuildPhase section */
		5B5620AE2B8C9EF300521E51 /* Resources */ = {
			isa = PBXResourcesBuildPhase;
			buildActionMask = 2147483647;
			files = (
				5B5620BA2B8C9EF500521E51 /* Preview Assets.xcassets in Resources */,
				5B5620B72B8C9EF500521E51 /* Assets.xcassets in Resources */,
			);
			runOnlyForDeploymentPostprocessing = 0;
		};
		5BA5DF132B83A46D004D19ED /* Resources */ = {
			isa = PBXResourcesBuildPhase;
			buildActionMask = 2147483647;
			files = (
				5BA5DF212B83A46F004D19ED /* Preview Assets.xcassets in Resources */,
				5BA5DF1D2B83A46F004D19ED /* Assets.xcassets in Resources */,
			);
			runOnlyForDeploymentPostprocessing = 0;
		};
/* End PBXResourcesBuildPhase section */

/* Begin PBXSourcesBuildPhase section */
		5B5620AC2B8C9EF300521E51 /* Sources */ = {
			isa = PBXSourcesBuildPhase;
			buildActionMask = 2147483647;
			files = (
				5BD56E9C2B95C05300AA63CA /* RecipeBook.swift in Sources */,
				5B5620B52B8C9EF300521E51 /* ContentView.swift in Sources */,
				5B5620C82B8C9F7C00521E51 /* WatchConnector.swift in Sources */,
				5B15619A2B986FD00064D5C5 /* EndRecipeView.swift in Sources */,
				5B5620B32B8C9EF300521E51 /* RicettarioWApp.swift in Sources */,
				5BAD78722BA4CA8900A8127F /* NoRecipeView.swift in Sources */,
				5BD56E982B95BF9E00AA63CA /* StartW.swift in Sources */,
				5B5620C52B8C9F5100521E51 /* ConnectivityProvider.swift in Sources */,
			);
			runOnlyForDeploymentPostprocessing = 0;
		};
		5BA5DF112B83A46D004D19ED /* Sources */ = {
			isa = PBXSourcesBuildPhase;
			buildActionMask = 2147483647;
			files = (
				4B8DCE1B2B8632A500EF09D5 /* RecipeBook.swift in Sources */,
				4BB189EF2BA1DE6300F5176F /* RecipeCategoryView.swift in Sources */,
				5B5620C72B8C9F7C00521E51 /* WatchConnector.swift in Sources */,
				4BB189FD2BA1E5EB00F5176F /* SavedManager.swift in Sources */,
				5BA5DF1B2B83A46D004D19ED /* ContentView.swift in Sources */,
				4BB189F72BA1E0FE00F5176F /* RecipeView.swift in Sources */,
				4BB189F32BA1E05D00F5176F /* RecipeDetailView.swift in Sources */,
				4BB189FB2BA1E15000F5176F /* CategoryButton.swift in Sources */,
				4BB189F92BA1E12B00F5176F /* SavedRecipesView.swift in Sources */,
				4BB189F12BA1DFE100F5176F /* InstructionsPopover.swift in Sources */,
				4BB189F52BA1E0B800F5176F /* RecipePropertyView.swift in Sources */,
				4BB189ED2BA1DDFE00F5176F /* Homepage.swift in Sources */,
				5BA5DF192B83A46D004D19ED /* RicettarioApp.swift in Sources */,
				5B5620C42B8C9F5100521E51 /* ConnectivityProvider.swift in Sources */,
			);
			runOnlyForDeploymentPostprocessing = 0;
		};
/* End PBXSourcesBuildPhase section */

/* Begin PBXTargetDependency section */
		5B5620BC2B8C9EF500521E51 /* PBXTargetDependency */ = {
			isa = PBXTargetDependency;
			target = 5B5620AF2B8C9EF300521E51 /* RicettarioW Watch App */;
			targetProxy = 5B5620BB2B8C9EF500521E51 /* PBXContainerItemProxy */;
		};
/* End PBXTargetDependency section */

/* Begin XCBuildConfiguration section */
		5B5620BF2B8C9EF500521E51 /* Debug */ = {
			isa = XCBuildConfiguration;
			buildSettings = {
				ASSETCATALOG_COMPILER_APPICON_NAME = AppIcon;
				ASSETCATALOG_COMPILER_GLOBAL_ACCENT_COLOR_NAME = AccentColor;
				CODE_SIGN_STYLE = Automatic;
				CURRENT_PROJECT_VERSION = 1;
				DEVELOPMENT_ASSET_PATHS = "\"RicettarioW Watch App/Preview Content\"";
				DEVELOPMENT_TEAM = K77YAS4MZU;
				ENABLE_PREVIEWS = YES;
				GENERATE_INFOPLIST_FILE = YES;
				INFOPLIST_KEY_CFBundleDisplayName = RicettarioW;
				INFOPLIST_KEY_UISupportedInterfaceOrientations = "UIInterfaceOrientationPortrait UIInterfaceOrientationPortraitUpsideDown";
				INFOPLIST_KEY_WKCompanionAppBundleIdentifier = carmine.Ricettario;
				LD_RUNPATH_SEARCH_PATHS = (
					"$(inherited)",
					"@executable_path/Frameworks",
				);
				MARKETING_VERSION = 1.0;
				PRODUCT_BUNDLE_IDENTIFIER = carmine.Ricettario.watchkitapp;
				PRODUCT_NAME = "$(TARGET_NAME)";
				SDKROOT = watchos;
				SKIP_INSTALL = YES;
				SWIFT_EMIT_LOC_STRINGS = YES;
				SWIFT_VERSION = 5.0;
				TARGETED_DEVICE_FAMILY = 4;
				WATCHOS_DEPLOYMENT_TARGET = 10.2;
			};
			name = Debug;
		};
		5B5620C02B8C9EF500521E51 /* Release */ = {
			isa = XCBuildConfiguration;
			buildSettings = {
				ASSETCATALOG_COMPILER_APPICON_NAME = AppIcon;
				ASSETCATALOG_COMPILER_GLOBAL_ACCENT_COLOR_NAME = AccentColor;
				CODE_SIGN_STYLE = Automatic;
				CURRENT_PROJECT_VERSION = 1;
				DEVELOPMENT_ASSET_PATHS = "\"RicettarioW Watch App/Preview Content\"";
				DEVELOPMENT_TEAM = K77YAS4MZU;
				ENABLE_PREVIEWS = YES;
				GENERATE_INFOPLIST_FILE = YES;
				INFOPLIST_KEY_CFBundleDisplayName = RicettarioW;
				INFOPLIST_KEY_UISupportedInterfaceOrientations = "UIInterfaceOrientationPortrait UIInterfaceOrientationPortraitUpsideDown";
				INFOPLIST_KEY_WKCompanionAppBundleIdentifier = carmine.Ricettario;
				LD_RUNPATH_SEARCH_PATHS = (
					"$(inherited)",
					"@executable_path/Frameworks",
				);
				MARKETING_VERSION = 1.0;
				PRODUCT_BUNDLE_IDENTIFIER = carmine.Ricettario.watchkitapp;
				PRODUCT_NAME = "$(TARGET_NAME)";
				SDKROOT = watchos;
				SKIP_INSTALL = YES;
				SWIFT_EMIT_LOC_STRINGS = YES;
				SWIFT_VERSION = 5.0;
				TARGETED_DEVICE_FAMILY = 4;
				VALIDATE_PRODUCT = YES;
				WATCHOS_DEPLOYMENT_TARGET = 10.2;
			};
			name = Release;
		};
		5BA5DF222B83A46F004D19ED /* Debug */ = {
			isa = XCBuildConfiguration;
			buildSettings = {
				ALWAYS_SEARCH_USER_PATHS = NO;
				ASSETCATALOG_COMPILER_GENERATE_SWIFT_ASSET_SYMBOL_EXTENSIONS = YES;
				CLANG_ANALYZER_NONNULL = YES;
				CLANG_ANALYZER_NUMBER_OBJECT_CONVERSION = YES_AGGRESSIVE;
				CLANG_CXX_LANGUAGE_STANDARD = "gnu++20";
				CLANG_ENABLE_MODULES = YES;
				CLANG_ENABLE_OBJC_ARC = YES;
				CLANG_ENABLE_OBJC_WEAK = YES;
				CLANG_WARN_BLOCK_CAPTURE_AUTORELEASING = YES;
				CLANG_WARN_BOOL_CONVERSION = YES;
				CLANG_WARN_COMMA = YES;
				CLANG_WARN_CONSTANT_CONVERSION = YES;
				CLANG_WARN_DEPRECATED_OBJC_IMPLEMENTATIONS = YES;
				CLANG_WARN_DIRECT_OBJC_ISA_USAGE = YES_ERROR;
				CLANG_WARN_DOCUMENTATION_COMMENTS = YES;
				CLANG_WARN_EMPTY_BODY = YES;
				CLANG_WARN_ENUM_CONVERSION = YES;
				CLANG_WARN_INFINITE_RECURSION = YES;
				CLANG_WARN_INT_CONVERSION = YES;
				CLANG_WARN_NON_LITERAL_NULL_CONVERSION = YES;
				CLANG_WARN_OBJC_IMPLICIT_RETAIN_SELF = YES;
				CLANG_WARN_OBJC_LITERAL_CONVERSION = YES;
				CLANG_WARN_OBJC_ROOT_CLASS = YES_ERROR;
				CLANG_WARN_QUOTED_INCLUDE_IN_FRAMEWORK_HEADER = YES;
				CLANG_WARN_RANGE_LOOP_ANALYSIS = YES;
				CLANG_WARN_STRICT_PROTOTYPES = YES;
				CLANG_WARN_SUSPICIOUS_MOVE = YES;
				CLANG_WARN_UNGUARDED_AVAILABILITY = YES_AGGRESSIVE;
				CLANG_WARN_UNREACHABLE_CODE = YES;
				CLANG_WARN__DUPLICATE_METHOD_MATCH = YES;
				COPY_PHASE_STRIP = NO;
				DEBUG_INFORMATION_FORMAT = dwarf;
				ENABLE_STRICT_OBJC_MSGSEND = YES;
				ENABLE_TESTABILITY = YES;
				ENABLE_USER_SCRIPT_SANDBOXING = YES;
				GCC_C_LANGUAGE_STANDARD = gnu17;
				GCC_DYNAMIC_NO_PIC = NO;
				GCC_NO_COMMON_BLOCKS = YES;
				GCC_OPTIMIZATION_LEVEL = 0;
				GCC_PREPROCESSOR_DEFINITIONS = (
					"DEBUG=1",
					"$(inherited)",
				);
				GCC_WARN_64_TO_32_BIT_CONVERSION = YES;
				GCC_WARN_ABOUT_RETURN_TYPE = YES_ERROR;
				GCC_WARN_UNDECLARED_SELECTOR = YES;
				GCC_WARN_UNINITIALIZED_AUTOS = YES_AGGRESSIVE;
				GCC_WARN_UNUSED_FUNCTION = YES;
				GCC_WARN_UNUSED_VARIABLE = YES;
				LOCALIZATION_PREFERS_STRING_CATALOGS = YES;
				MTL_ENABLE_DEBUG_INFO = INCLUDE_SOURCE;
				MTL_FAST_MATH = YES;
				ONLY_ACTIVE_ARCH = YES;
				SWIFT_ACTIVE_COMPILATION_CONDITIONS = "DEBUG $(inherited)";
				SWIFT_OPTIMIZATION_LEVEL = "-Onone";
			};
			name = Debug;
		};
		5BA5DF232B83A46F004D19ED /* Release */ = {
			isa = XCBuildConfiguration;
			buildSettings = {
				ALWAYS_SEARCH_USER_PATHS = NO;
				ASSETCATALOG_COMPILER_GENERATE_SWIFT_ASSET_SYMBOL_EXTENSIONS = YES;
				CLANG_ANALYZER_NONNULL = YES;
				CLANG_ANALYZER_NUMBER_OBJECT_CONVERSION = YES_AGGRESSIVE;
				CLANG_CXX_LANGUAGE_STANDARD = "gnu++20";
				CLANG_ENABLE_MODULES = YES;
				CLANG_ENABLE_OBJC_ARC = YES;
				CLANG_ENABLE_OBJC_WEAK = YES;
				CLANG_WARN_BLOCK_CAPTURE_AUTORELEASING = YES;
				CLANG_WARN_BOOL_CONVERSION = YES;
				CLANG_WARN_COMMA = YES;
				CLANG_WARN_CONSTANT_CONVERSION = YES;
				CLANG_WARN_DEPRECATED_OBJC_IMPLEMENTATIONS = YES;
				CLANG_WARN_DIRECT_OBJC_ISA_USAGE = YES_ERROR;
				CLANG_WARN_DOCUMENTATION_COMMENTS = YES;
				CLANG_WARN_EMPTY_BODY = YES;
				CLANG_WARN_ENUM_CONVERSION = YES;
				CLANG_WARN_INFINITE_RECURSION = YES;
				CLANG_WARN_INT_CONVERSION = YES;
				CLANG_WARN_NON_LITERAL_NULL_CONVERSION = YES;
				CLANG_WARN_OBJC_IMPLICIT_RETAIN_SELF = YES;
				CLANG_WARN_OBJC_LITERAL_CONVERSION = YES;
				CLANG_WARN_OBJC_ROOT_CLASS = YES_ERROR;
				CLANG_WARN_QUOTED_INCLUDE_IN_FRAMEWORK_HEADER = YES;
				CLANG_WARN_RANGE_LOOP_ANALYSIS = YES;
				CLANG_WARN_STRICT_PROTOTYPES = YES;
				CLANG_WARN_SUSPICIOUS_MOVE = YES;
				CLANG_WARN_UNGUARDED_AVAILABILITY = YES_AGGRESSIVE;
				CLANG_WARN_UNREACHABLE_CODE = YES;
				CLANG_WARN__DUPLICATE_METHOD_MATCH = YES;
				COPY_PHASE_STRIP = NO;
				DEBUG_INFORMATION_FORMAT = "dwarf-with-dsym";
				ENABLE_NS_ASSERTIONS = NO;
				ENABLE_STRICT_OBJC_MSGSEND = YES;
				ENABLE_USER_SCRIPT_SANDBOXING = YES;
				GCC_C_LANGUAGE_STANDARD = gnu17;
				GCC_NO_COMMON_BLOCKS = YES;
				GCC_WARN_64_TO_32_BIT_CONVERSION = YES;
				GCC_WARN_ABOUT_RETURN_TYPE = YES_ERROR;
				GCC_WARN_UNDECLARED_SELECTOR = YES;
				GCC_WARN_UNINITIALIZED_AUTOS = YES_AGGRESSIVE;
				GCC_WARN_UNUSED_FUNCTION = YES;
				GCC_WARN_UNUSED_VARIABLE = YES;
				LOCALIZATION_PREFERS_STRING_CATALOGS = YES;
				MTL_ENABLE_DEBUG_INFO = NO;
				MTL_FAST_MATH = YES;
				SWIFT_COMPILATION_MODE = wholemodule;
			};
			name = Release;
		};
		5BA5DF252B83A46F004D19ED /* Debug */ = {
			isa = XCBuildConfiguration;
			buildSettings = {
				ALWAYS_EMBED_SWIFT_STANDARD_LIBRARIES = YES;
				ASSETCATALOG_COMPILER_APPICON_NAME = AppIcon;
				ASSETCATALOG_COMPILER_GLOBAL_ACCENT_COLOR_NAME = AccentColor;
				CODE_SIGN_ENTITLEMENTS = Ricettario/Ricettario.entitlements;
				CODE_SIGN_STYLE = Automatic;
				CURRENT_PROJECT_VERSION = 1;
				DEVELOPMENT_ASSET_PATHS = "\"Ricettario/Preview Content\"";
				DEVELOPMENT_TEAM = K77YAS4MZU;
				ENABLE_HARDENED_RUNTIME = YES;
				ENABLE_PREVIEWS = YES;
				GENERATE_INFOPLIST_FILE = YES;
				"INFOPLIST_KEY_UIApplicationSceneManifest_Generation[sdk=iphoneos*]" = YES;
				"INFOPLIST_KEY_UIApplicationSceneManifest_Generation[sdk=iphonesimulator*]" = YES;
				"INFOPLIST_KEY_UIApplicationSupportsIndirectInputEvents[sdk=iphoneos*]" = YES;
				"INFOPLIST_KEY_UIApplicationSupportsIndirectInputEvents[sdk=iphonesimulator*]" = YES;
				"INFOPLIST_KEY_UILaunchScreen_Generation[sdk=iphoneos*]" = YES;
				"INFOPLIST_KEY_UILaunchScreen_Generation[sdk=iphonesimulator*]" = YES;
				"INFOPLIST_KEY_UIStatusBarStyle[sdk=iphoneos*]" = UIStatusBarStyleDefault;
				"INFOPLIST_KEY_UIStatusBarStyle[sdk=iphonesimulator*]" = UIStatusBarStyleDefault;
				INFOPLIST_KEY_UISupportedInterfaceOrientations_iPad = "UIInterfaceOrientationPortrait UIInterfaceOrientationPortraitUpsideDown UIInterfaceOrientationLandscapeLeft UIInterfaceOrientationLandscapeRight";
				INFOPLIST_KEY_UISupportedInterfaceOrientations_iPhone = "UIInterfaceOrientationPortrait UIInterfaceOrientationLandscapeLeft UIInterfaceOrientationLandscapeRight";
				IPHONEOS_DEPLOYMENT_TARGET = 17.2;
				LD_RUNPATH_SEARCH_PATHS = "@executable_path/Frameworks";
				"LD_RUNPATH_SEARCH_PATHS[sdk=macosx*]" = "@executable_path/../Frameworks";
				MACOSX_DEPLOYMENT_TARGET = 14.2;
				MARKETING_VERSION = 1.0;
				PRODUCT_BUNDLE_IDENTIFIER = carmine.Ricettario;
				PRODUCT_NAME = "$(TARGET_NAME)";
				SDKROOT = auto;
				SUPPORTED_PLATFORMS = "iphoneos iphonesimulator macosx";
				SWIFT_EMIT_LOC_STRINGS = YES;
				SWIFT_VERSION = 5.0;
				TARGETED_DEVICE_FAMILY = "1,2";
			};
			name = Debug;
		};
		5BA5DF262B83A46F004D19ED /* Release */ = {
			isa = XCBuildConfiguration;
			buildSettings = {
				ALWAYS_EMBED_SWIFT_STANDARD_LIBRARIES = YES;
				ASSETCATALOG_COMPILER_APPICON_NAME = AppIcon;
				ASSETCATALOG_COMPILER_GLOBAL_ACCENT_COLOR_NAME = AccentColor;
				CODE_SIGN_ENTITLEMENTS = Ricettario/Ricettario.entitlements;
				CODE_SIGN_STYLE = Automatic;
				CURRENT_PROJECT_VERSION = 1;
				DEVELOPMENT_ASSET_PATHS = "\"Ricettario/Preview Content\"";
				DEVELOPMENT_TEAM = K77YAS4MZU;
				ENABLE_HARDENED_RUNTIME = YES;
				ENABLE_PREVIEWS = YES;
				GENERATE_INFOPLIST_FILE = YES;
				"INFOPLIST_KEY_UIApplicationSceneManifest_Generation[sdk=iphoneos*]" = YES;
				"INFOPLIST_KEY_UIApplicationSceneManifest_Generation[sdk=iphonesimulator*]" = YES;
				"INFOPLIST_KEY_UIApplicationSupportsIndirectInputEvents[sdk=iphoneos*]" = YES;
				"INFOPLIST_KEY_UIApplicationSupportsIndirectInputEvents[sdk=iphonesimulator*]" = YES;
				"INFOPLIST_KEY_UILaunchScreen_Generation[sdk=iphoneos*]" = YES;
				"INFOPLIST_KEY_UILaunchScreen_Generation[sdk=iphonesimulator*]" = YES;
				"INFOPLIST_KEY_UIStatusBarStyle[sdk=iphoneos*]" = UIStatusBarStyleDefault;
				"INFOPLIST_KEY_UIStatusBarStyle[sdk=iphonesimulator*]" = UIStatusBarStyleDefault;
				INFOPLIST_KEY_UISupportedInterfaceOrientations_iPad = "UIInterfaceOrientationPortrait UIInterfaceOrientationPortraitUpsideDown UIInterfaceOrientationLandscapeLeft UIInterfaceOrientationLandscapeRight";
				INFOPLIST_KEY_UISupportedInterfaceOrientations_iPhone = "UIInterfaceOrientationPortrait UIInterfaceOrientationLandscapeLeft UIInterfaceOrientationLandscapeRight";
				IPHONEOS_DEPLOYMENT_TARGET = 17.2;
				LD_RUNPATH_SEARCH_PATHS = "@executable_path/Frameworks";
				"LD_RUNPATH_SEARCH_PATHS[sdk=macosx*]" = "@executable_path/../Frameworks";
				MACOSX_DEPLOYMENT_TARGET = 14.2;
				MARKETING_VERSION = 1.0;
				PRODUCT_BUNDLE_IDENTIFIER = carmine.Ricettario;
				PRODUCT_NAME = "$(TARGET_NAME)";
				SDKROOT = auto;
				SUPPORTED_PLATFORMS = "iphoneos iphonesimulator macosx";
				SWIFT_EMIT_LOC_STRINGS = YES;
				SWIFT_VERSION = 5.0;
				TARGETED_DEVICE_FAMILY = "1,2";
			};
			name = Release;
		};
/* End XCBuildConfiguration section */

/* Begin XCConfigurationList section */
		5B5620C12B8C9EF500521E51 /* Build configuration list for PBXNativeTarget "RicettarioW Watch App" */ = {
			isa = XCConfigurationList;
			buildConfigurations = (
				5B5620BF2B8C9EF500521E51 /* Debug */,
				5B5620C02B8C9EF500521E51 /* Release */,
			);
			defaultConfigurationIsVisible = 0;
			defaultConfigurationName = Release;
		};
		5BA5DF102B83A46D004D19ED /* Build configuration list for PBXProject "Ricettario" */ = {
			isa = XCConfigurationList;
			buildConfigurations = (
				5BA5DF222B83A46F004D19ED /* Debug */,
				5BA5DF232B83A46F004D19ED /* Release */,
			);
			defaultConfigurationIsVisible = 0;
			defaultConfigurationName = Release;
		};
		5BA5DF242B83A46F004D19ED /* Build configuration list for PBXNativeTarget "Ricettario" */ = {
			isa = XCConfigurationList;
			buildConfigurations = (
				5BA5DF252B83A46F004D19ED /* Debug */,
				5BA5DF262B83A46F004D19ED /* Release */,
			);
			defaultConfigurationIsVisible = 0;
			defaultConfigurationName = Release;
		};
/* End XCConfigurationList section */
	};
	rootObject = 5BA5DF0D2B83A46D004D19ED /* Project object */;
}
